// !$*UTF8*$!
{
	archiveVersion = 1;
	classes = {
	};
	objectVersion = 46;
	objects = {

/* Begin PBXBuildFile section */
		401C21BD1C7C38A40088AD00 /* AppDelegate.swift in Sources */ = {isa = PBXBuildFile; fileRef = 401C21BC1C7C38A40088AD00 /* AppDelegate.swift */; };
		401C21BF1C7C38A40088AD00 /* ViewController.swift in Sources */ = {isa = PBXBuildFile; fileRef = 401C21BE1C7C38A40088AD00 /* ViewController.swift */; };
		401C21C21C7C38A40088AD00 /* Main.storyboard in Resources */ = {isa = PBXBuildFile; fileRef = 401C21C01C7C38A40088AD00 /* Main.storyboard */; };
		401C21C41C7C38A50088AD00 /* Assets.xcassets in Resources */ = {isa = PBXBuildFile; fileRef = 401C21C31C7C38A50088AD00 /* Assets.xcassets */; };
		401C21C71C7C38A50088AD00 /* LaunchScreen.storyboard in Resources */ = {isa = PBXBuildFile; fileRef = 401C21C51C7C38A50088AD00 /* LaunchScreen.storyboard */; };
/* End PBXBuildFile section */

/* Begin PBXFileReference section */
		401C21B91C7C38A40088AD00 /* ProgressController.app */ = {isa = PBXFileReference; explicitFileType = wrapper.application; includeInIndex = 0; path = ProgressController.app; sourceTree = BUILT_PRODUCTS_DIR; };
		401C21BC1C7C38A40088AD00 /* AppDelegate.swift */ = {isa = PBXFileReference; lastKnownFileType = sourcecode.swift; path = AppDelegate.swift; sourceTree = "<group>"; };
		401C21BE1C7C38A40088AD00 /* ViewController.swift */ = {isa = PBXFileReference; lastKnownFileType = sourcecode.swift; path = ViewController.swift; sourceTree = "<group>"; };
		401C21C11C7C38A40088AD00 /* Base */ = {isa = PBXFileReference; lastKnownFileType = file.storyboard; name = Base; path = Base.lproj/Main.storyboard; sourceTree = "<group>"; };
		401C21C31C7C38A50088AD00 /* Assets.xcassets */ = {isa = PBXFileReference; lastKnownFileType = folder.assetcatalog; path = Assets.xcassets; sourceTree = "<group>"; };
		401C21C61C7C38A50088AD00 /* Base */ = {isa = PBXFileReference; lastKnownFileType = file.storyboard; name = Base; path = Base.lproj/LaunchScreen.storyboard; sourceTree = "<group>"; };
		401C21C81C7C38A50088AD00 /* Info.plist */ = {isa = PBXFileReference; lastKnownFileType = text.plist.xml; path = Info.plist; sourceTree = "<group>"; };
/* End PBXFileReference section */

/* Begin PBXFrameworksBuildPhase section */
		401C21B61C7C38A40088AD00 /* Frameworks */ = {
			isa = PBXFrameworksBuildPhase;
			buildActionMask = 2147483647;
			files = (
			);
			runOnlyForDeploymentPostprocessing = 0;
		};
/* End PBXFrameworksBuildPhase section */

/* Begin PBXGroup section */
		401C21B01C7C38A40088AD00 = {
			isa = PBXGroup;
			children = (
				401C21BB1C7C38A40088AD00 /* ProgressController */,
				401C21BA1C7C38A40088AD00 /* Products */,
			);
			sourceTree = "<group>";
		};
		401C21BA1C7C38A40088AD00 /* Products */ = {
			isa = PBXGroup;
			children = (
				401C21B91C7C38A40088AD00 /* ProgressController.app */,
			);
			name = Products;
			sourceTree = "<group>";
		};
		401C21BB1C7C38A40088AD00 /* ProgressController */ = {
			isa = PBXGroup;
			children = (
				401C21BC1C7C38A40088AD00 /* AppDelegate.swift */,
				401C21BE1C7C38A40088AD00 /* ViewController.swift */,
				401C21C01C7C38A40088AD00 /* Main.storyboard */,
				401C21C31C7C38A50088AD00 /* Assets.xcassets */,
				401C21C51C7C38A50088AD00 /* LaunchScreen.storyboard */,
				401C21C81C7C38A50088AD00 /* Info.plist */,
			);
			path = ProgressController;
			sourceTree = "<group>";
		};
/* End PBXGroup section */

/* Begin PBXNativeTarget section */
		401C21B81C7C38A40088AD00 /* ProgressController */ = {
			isa = PBXNativeTarget;
			buildConfigurationList = 401C21CB1C7C38A50088AD00 /* Build configuration list for PBXNativeTarget "ProgressController" */;
			buildPhases = (
				401C21B51C7C38A40088AD00 /* Sources */,
				401C21B61C7C38A40088AD00 /* Frameworks */,
				401C21B71C7C38A40088AD00 /* Resources */,
			);
			buildRules = (
			);
			dependencies = (
			);
			name = ProgressController;
			productName = ProgressController;
			productReference = 401C21B91C7C38A40088AD00 /* ProgressController.app */;
			productType = "com.apple.product-type.application";
		};
/* End PBXNativeTarget section */

/* Begin PBXProject section */
		401C21B11C7C38A40088AD00 /* Project object */ = {
			isa = PBXProject;
			attributes = {
				LastSwiftUpdateCheck = 0720;
				LastUpgradeCheck = 0720;
				ORGANIZATIONNAME = YayNext;
				TargetAttributes = {
					401C21B81C7C38A40088AD00 = {
						CreatedOnToolsVersion = 7.2.1;
					};
				};
			};
			buildConfigurationList = 401C21B41C7C38A40088AD00 /* Build configuration list for PBXProject "ProgressController" */;
			compatibilityVersion = "Xcode 3.2";
			developmentRegion = English;
			hasScannedForEncodings = 0;
			knownRegions = (
				en,
				Base,
			);
			mainGroup = 401C21B01C7C38A40088AD00;
			productRefGroup = 401C21BA1C7C38A40088AD00 /* Products */;
			projectDirPath = "";
			projectRoot = "";
			targets = (
				401C21B81C7C38A40088AD00 /* ProgressController */,
			);
		};
/* End PBXProject section */

/* Begin PBXResourcesBuildPhase section */
		401C21B71C7C38A40088AD00 /* Resources */ = {
			isa = PBXResourcesBuildPhase;
			buildActionMask = 2147483647;
			files = (
				401C21C71C7C38A50088AD00 /* LaunchScreen.storyboard in Resources */,
				401C21C41C7C38A50088AD00 /* Assets.xcassets in Resources */,
				401C21C21C7C38A40088AD00 /* Main.storyboard in Resources */,
			);
			runOnlyForDeploymentPostprocessing = 0;
		};
/* End PBXResourcesBuildPhase section */

/* Begin PBXSourcesBuildPhase section */
		401C21B51C7C38A40088AD00 /* Sources */ = {
			isa = PBXSourcesBuildPhase;
			buildActionMask = 2147483647;
			files = (
				401C21BF1C7C38A40088AD00 /* ViewController.swift in Sources */,
				401C21BD1C7C38A40088AD00 /* AppDelegate.swift in Sources */,
			);
			runOnlyForDeploymentPostprocessing = 0;
		};
/* End PBXSourcesBuildPhase section */

/* Begin PBXVariantGroup section */
		401C21C01C7C38A40088AD00 /* Main.storyboard */ = {
			isa = PBXVariantGroup;
			children = (
				401C21C11C7C38A40088AD00 /* Base */,
			);
			name = Main.storyboard;
			sourceTree = "<group>";
		};
		401C21C51C7C38A50088AD00 /* LaunchScreen.storyboard */ = {
			isa = PBXVariantGroup;
			children = (
				401C21C61C7C38A50088AD00 /* Base */,
			);
			name = LaunchScreen.storyboard;
			sourceTree = "<group>";
		};
/* End PBXVariantGroup section */

/* Begin XCBuildConfiguration section */
		401C21C91C7C38A50088AD00 /* Debug */ = {
			isa = XCBuildConfiguration;
			buildSettings = {
				ALWAYS_SEARCH_USER_PATHS = NO;
				CLANG_CXX_LANGUAGE_STANDARD = "gnu++0x";
				CLANG_CXX_LIBRARY = "libc++";
				CLANG_ENABLE_MODULES = YES;
				CLANG_ENABLE_OBJC_ARC = YES;
				CLANG_WARN_BOOL_CONVERSION = YES;
				CLANG_WARN_CONSTANT_CONVERSION = YES;
				CLANG_WARN_DIRECT_OBJC_ISA_USAGE = YES_ERROR;
				CLANG_WARN_EMPTY_BODY = YES;
				CLANG_WARN_ENUM_CONVERSION = YES;
				CLANG_WARN_INT_CONVERSION = YES;
				CLANG_WARN_OBJC_ROOT_CLASS = YES_ERROR;
				CLANG_WARN_UNREACHABLE_CODE = YES;
				CLANG_WARN__DUPLICATE_METHOD_MATCH = YES;
				"CODE_SIGN_IDENTITY[sdk=iphoneos*]" = "iPhone Developer";
				COPY_PHASE_STRIP = NO;
				DEBUG_INFORMATION_FORMAT = dwarf;
				ENABLE_STRICT_OBJC_MSGSEND = YES;
				ENABLE_TESTABILITY = YES;
				GCC_C_LANGUAGE_STANDARD = gnu99;
				GCC_DYNAMIC_NO_PIC = NO;
				GCC_NO_COMMON_BLOCKS = YES;
				GCC_OPTIMIZATION_LEVEL = 0;
				GCC_PREPROCESSOR_DEFINITIONS = (
					"DEBUG=1",
					"$(inherited)",
				);
				GCC_WARN_64_TO_32_BIT_CONVERSION = YES;
				GCC_WARN_ABOUT_RETURN_TYPE = YES_ERROR;
				GCC_WARN_UNDECLARED_SELECTOR = YES;
				GCC_WARN_UNINITIALIZED_AUTOS = YES_AGGRESSIVE;
				GCC_WARN_UNUSED_FUNCTION = YES;
				GCC_WARN_UNUSED_VARIABLE = YES;
				IPHONEOS_DEPLOYMENT_TARGET = 9.2;
				MTL_ENABLE_DEBUG_INFO = YES;
				ONLY_ACTIVE_ARCH = YES;
				SDKROOT = iphoneos;
				SWIFT_OPTIMIZATION_LEVEL = "-Onone";
				TARGETED_DEVICE_FAMILY = "1,2";
			};
			name = Debug;
		};
		401C21CA1C7C38A50088AD00 /* Release */ = {
			isa = XCBuildConfiguration;
			buildSettings = {
				ALWAYS_SEARCH_USER_PATHS = NO;
				CLANG_CXX_LANGUAGE_STANDARD = "gnu++0x";
				CLANG_CXX_LIBRARY = "libc++";
				CLANG_ENABLE_MODULES = YES;
				CLANG_ENABLE_OBJC_ARC = YES;
				CLANG_WARN_BOOL_CONVERSION = YES;
				CLANG_WARN_CONSTANT_CONVERSION = YES;
				CLANG_WARN_DIRECT_OBJC_ISA_USAGE = YES_ERROR;
				CLANG_WARN_EMPTY_BODY = YES;
				CLANG_WARN_ENUM_CONVERSION = YES;
				CLANG_WARN_INT_CONVERSION = YES;
				CLANG_WARN_OBJC_ROOT_CLASS = YES_ERROR;
				CLANG_WARN_UNREACHABLE_CODE = YES;
				CLANG_WARN__DUPLICATE_METHOD_MATCH = YES;
				"CODE_SIGN_IDENTITY[sdk=iphoneos*]" = "iPhone Developer";
				COPY_PHASE_STRIP = NO;
				DEBUG_INFORMATION_FORMAT = "dwarf-with-dsym";
				ENABLE_NS_ASSERTIONS = NO;
				ENABLE_STRICT_OBJC_MSGSEND = YES;
				GCC_C_LANGUAGE_STANDARD = gnu99;
				GCC_NO_COMMON_BLOCKS = YES;
				GCC_WARN_64_TO_32_BIT_CONVERSION = YES;
				GCC_WARN_ABOUT_RETURN_TYPE = YES_ERROR;
				GCC_WARN_UNDECLARED_SELECTOR = YES;
				GCC_WARN_UNINITIALIZED_AUTOS = YES_AGGRESSIVE;
				GCC_WARN_UNUSED_FUNCTION = YES;
				GCC_WARN_UNUSED_VARIABLE = YES;
				IPHONEOS_DEPLOYMENT_TARGET = 9.2;
				MTL_ENABLE_DEBUG_INFO = NO;
				SDKROOT = iphoneos;
				TARGETED_DEVICE_FAMILY = "1,2";
				VALIDATE_PRODUCT = YES;
			};
			name = Release;
		};
		401C21CC1C7C38A50088AD00 /* Debug */ = {
			isa = XCBuildConfiguration;
			buildSettings = {
				ASSETCATALOG_COMPILER_APPICON_NAME = AppIcon;
				INFOPLIST_FILE = ProgressController/Info.plist;
				LD_RUNPATH_SEARCH_PATHS = "$(inherited) @executable_path/Frameworks";
				PRODUCT_BUNDLE_IDENTIFIER = com.YayNext.ProgressController;
				PRODUCT_NAME = "$(TARGET_NAME)";
			};
			name = Debug;
		};
		401C21CD1C7C38A50088AD00 /* Release */ = {
			isa = XCBuildConfiguration;
			buildSettings = {
				ASSETCATALOG_COMPILER_APPICON_NAME = AppIcon;
				INFOPLIST_FILE = ProgressController/Info.plist;
				LD_RUNPATH_SEARCH_PATHS = "$(inherited) @executable_path/Frameworks";
				PRODUCT_BUNDLE_IDENTIFIER = com.YayNext.ProgressController;
				PRODUCT_NAME = "$(TARGET_NAME)";
			};
			name = Release;
		};
/* End XCBuildConfiguration section */

/* Begin XCConfigurationList section */
		401C21B41C7C38A40088AD00 /* Build configuration list for PBXProject "ProgressController" */ = {
			isa = XCConfigurationList;
			buildConfigurations = (
				401C21C91C7C38A50088AD00 /* Debug */,
				401C21CA1C7C38A50088AD00 /* Release */,
			);
			defaultConfigurationIsVisible = 0;
			defaultConfigurationName = Release;
		};
		401C21CB1C7C38A50088AD00 /* Build configuration list for PBXNativeTarget "ProgressController" */ = {
			isa = XCConfigurationList;
			buildConfigurations = (
				401C21CC1C7C38A50088AD00 /* Debug */,
				401C21CD1C7C38A50088AD00 /* Release */,
			);
			defaultConfigurationIsVisible = 0;
		};
/* End XCConfigurationList section */
	};
	rootObject = 401C21B11C7C38A40088AD00 /* Project object */;
}
